
Microsoft Visual Studio Solution File, Format Version 12.00
# Visual Studio Version 17
VisualStudioVersion = 17.6.33723.286
MinimumVisualStudioVersion = 10.0.40219.1
Project("{FAE04EC0-301F-11D3-BF4B-00C04F79EFBC}") = "CRUDOPERATIONS", "CRUDOPERATIONS\CRUDOPERATIONS.csproj", "{1C1C6420-B51E-4CD8-B371-A4770CB40B7C}"
EndProject
Global
	GlobalSection(SolutionConfigurationPlatforms) = preSolution
		Debug|Any CPU = Debug|Any CPU
		Release|Any CPU = Release|Any CPU
	EndGlobalSection
	GlobalSection(ProjectConfigurationPlatforms) = postSolution
		{1C1C6420-B51E-4CD8-B371-A4770CB40B7C}.Debug|Any CPU.ActiveCfg = Debug|Any CPU
		{1C1C6420-B51E-4CD8-B371-A4770CB40B7C}.Debug|Any CPU.Build.0 = Debug|Any CPU
		{1C1C6420-B51E-4CD8-B371-A4770CB40B7C}.Release|Any CPU.ActiveCfg = Release|Any CPU
		{1C1C6420-B51E-4CD8-B371-A4770CB40B7C}.Release|Any CPU.Build.0 = Release|Any CPU
	EndGlobalSection
	GlobalSection(SolutionProperties) = preSolution
		HideSolutionNode = FALSE
	EndGlobalSection
	GlobalSection(ExtensibilityGlobals) = postSolution
		SolutionGuid = {6C98DBB1-35A4-492F-AA67-567B5910A7D2}
	EndGlobalSection
EndGlobal
